// !$*UTF8*$!
{
	archiveVersion = 1;
	classes = {
	};
	objectVersion = 48;
	objects = {

/* Begin PBXBuildFile section */
		6B2366F61FD93B4600083D4A /* AppDelegate.swift in Sources */ = {isa = PBXBuildFile; fileRef = 6B2366F51FD93B4600083D4A /* AppDelegate.swift */; };
		6B2366F81FD93B4600083D4A /* ViewController.swift in Sources */ = {isa = PBXBuildFile; fileRef = 6B2366F71FD93B4600083D4A /* ViewController.swift */; };
		6B2366FB1FD93B4600083D4A /* Main.storyboard in Resources */ = {isa = PBXBuildFile; fileRef = 6B2366F91FD93B4600083D4A /* Main.storyboard */; };
		6B2366FD1FD93B4600083D4A /* Assets.xcassets in Resources */ = {isa = PBXBuildFile; fileRef = 6B2366FC1FD93B4600083D4A /* Assets.xcassets */; };
		6B2367001FD93B4600083D4A /* LaunchScreen.storyboard in Resources */ = {isa = PBXBuildFile; fileRef = 6B2366FE1FD93B4600083D4A /* LaunchScreen.storyboard */; };
		6B23670B1FD93B4600083D4A /* TestTests.swift in Sources */ = {isa = PBXBuildFile; fileRef = 6B23670A1FD93B4600083D4A /* TestTests.swift */; };
		6B2367161FD93B4600083D4A /* TestUITests.swift in Sources */ = {isa = PBXBuildFile; fileRef = 6B2367151FD93B4600083D4A /* TestUITests.swift */; };
/* End PBXBuildFile section */

/* Begin PBXContainerItemProxy section */
		6B2367071FD93B4600083D4A /* PBXContainerItemProxy */ = {
			isa = PBXContainerItemProxy;
			containerPortal = 6B2366EA1FD93B4600083D4A /* Project object */;
			proxyType = 1;
			remoteGlobalIDString = 6B2366F11FD93B4600083D4A;
			remoteInfo = Test;
		};
		6B2367121FD93B4600083D4A /* PBXContainerItemProxy */ = {
			isa = PBXContainerItemProxy;
			containerPortal = 6B2366EA1FD93B4600083D4A /* Project object */;
			proxyType = 1;
			remoteGlobalIDString = 6B2366F11FD93B4600083D4A;
			remoteInfo = Test;
		};
/* End PBXContainerItemProxy section */

/* Begin PBXFileReference section */
		6B2366F21FD93B4600083D4A /* Test.app */ = {isa = PBXFileReference; explicitFileType = wrapper.application; includeInIndex = 0; path = Test.app; sourceTree = BUILT_PRODUCTS_DIR; };
		6B2366F51FD93B4600083D4A /* AppDelegate.swift */ = {isa = PBXFileReference; lastKnownFileType = sourcecode.swift; path = AppDelegate.swift; sourceTree = "<group>"; };
		6B2366F71FD93B4600083D4A /* ViewController.swift */ = {isa = PBXFileReference; lastKnownFileType = sourcecode.swift; path = ViewController.swift; sourceTree = "<group>"; };
		6B2366FA1FD93B4600083D4A /* Base */ = {isa = PBXFileReference; lastKnownFileType = file.storyboard; name = Base; path = Base.lproj/Main.storyboard; sourceTree = "<group>"; };
		6B2366FC1FD93B4600083D4A /* Assets.xcassets */ = {isa = PBXFileReference; lastKnownFileType = folder.assetcatalog; path = Assets.xcassets; sourceTree = "<group>"; };
		6B2366FF1FD93B4600083D4A /* Base */ = {isa = PBXFileReference; lastKnownFileType = file.storyboard; name = Base; path = Base.lproj/LaunchScreen.storyboard; sourceTree = "<group>"; };
		6B2367011FD93B4600083D4A /* Info.plist */ = {isa = PBXFileReference; lastKnownFileType = text.plist.xml; path = Info.plist; sourceTree = "<group>"; };
		6B2367061FD93B4600083D4A /* TestTests.xctest */ = {isa = PBXFileReference; explicitFileType = wrapper.cfbundle; includeInIndex = 0; path = TestTests.xctest; sourceTree = BUILT_PRODUCTS_DIR; };
		6B23670A1FD93B4600083D4A /* TestTests.swift */ = {isa = PBXFileReference; lastKnownFileType = sourcecode.swift; path = TestTests.swift; sourceTree = "<group>"; };
		6B23670C1FD93B4600083D4A /* Info.plist */ = {isa = PBXFileReference; lastKnownFileType = text.plist.xml; path = Info.plist; sourceTree = "<group>"; };
		6B2367111FD93B4600083D4A /* TestUITests.xctest */ = {isa = PBXFileReference; explicitFileType = wrapper.cfbundle; includeInIndex = 0; path = TestUITests.xctest; sourceTree = BUILT_PRODUCTS_DIR; };
		6B2367151FD93B4600083D4A /* TestUITests.swift */ = {isa = PBXFileReference; lastKnownFileType = sourcecode.swift; path = TestUITests.swift; sourceTree = "<group>"; };
		6B2367171FD93B4600083D4A /* Info.plist */ = {isa = PBXFileReference; lastKnownFileType = text.plist.xml; path = Info.plist; sourceTree = "<group>"; };
/* End PBXFileReference section */

/* Begin PBXFrameworksBuildPhase section */
		6B2366EF1FD93B4600083D4A /* Frameworks */ = {
			isa = PBXFrameworksBuildPhase;
			buildActionMask = 2147483647;
			files = (
			);
			runOnlyForDeploymentPostprocessing = 0;
		};
		6B2367031FD93B4600083D4A /* Frameworks */ = {
			isa = PBXFrameworksBuildPhase;
			buildActionMask = 2147483647;
			files = (
			);
			runOnlyForDeploymentPostprocessing = 0;
		};
		6B23670E1FD93B4600083D4A /* Frameworks */ = {
			isa = PBXFrameworksBuildPhase;
			buildActionMask = 2147483647;
			files = (
			);
			runOnlyForDeploymentPostprocessing = 0;
		};
/* End PBXFrameworksBuildPhase section */

/* Begin PBXGroup section */
		6B2366E91FD93B4600083D4A = {
			isa = PBXGroup;
			children = (
				6B2366F41FD93B4600083D4A /* Test */,
				6B2367091FD93B4600083D4A /* TestTests */,
				6B2367141FD93B4600083D4A /* TestUITests */,
				6B2366F31FD93B4600083D4A /* Products */,
			);
			sourceTree = "<group>";
		};
		6B2366F31FD93B4600083D4A /* Products */ = {
			isa = PBXGroup;
			children = (
				6B2366F21FD93B4600083D4A /* Test.app */,
				6B2367061FD93B4600083D4A /* TestTests.xctest */,
				6B2367111FD93B4600083D4A /* TestUITests.xctest */,
			);
			name = Products;
			sourceTree = "<group>";
		};
		6B2366F41FD93B4600083D4A /* Test */ = {
			isa = PBXGroup;
			children = (
				6B2366F51FD93B4600083D4A /* AppDelegate.swift */,
				6B2366F71FD93B4600083D4A /* ViewController.swift */,
				6B2366F91FD93B4600083D4A /* Main.storyboard */,
				6B2366FC1FD93B4600083D4A /* Assets.xcassets */,
				6B2366FE1FD93B4600083D4A /* LaunchScreen.storyboard */,
				6B2367011FD93B4600083D4A /* Info.plist */,
			);
			path = Test;
			sourceTree = "<group>";
		};
		6B2367091FD93B4600083D4A /* TestTests */ = {
			isa = PBXGroup;
			children = (
				6B23670A1FD93B4600083D4A /* TestTests.swift */,
				6B23670C1FD93B4600083D4A /* Info.plist */,
			);
			path = TestTests;
			sourceTree = "<group>";
		};
		6B2367141FD93B4600083D4A /* TestUITests */ = {
			isa = PBXGroup;
			children = (
				6B2367151FD93B4600083D4A /* TestUITests.swift */,
				6B2367171FD93B4600083D4A /* Info.plist */,
			);
			path = TestUITests;
			sourceTree = "<group>";
		};
/* End PBXGroup section */

/* Begin PBXNativeTarget section */
		6B2366F11FD93B4600083D4A /* Test */ = {
			isa = PBXNativeTarget;
			buildConfigurationList = 6B23671A1FD93B4600083D4A /* Build configuration list for PBXNativeTarget "Test" */;
			buildPhases = (
				6B2366EE1FD93B4600083D4A /* Sources */,
				6B2366EF1FD93B4600083D4A /* Frameworks */,
				6B2366F01FD93B4600083D4A /* Resources */,
			);
			buildRules = (
			);
			dependencies = (
			);
			name = Test;
			productName = Test;
			productReference = 6B2366F21FD93B4600083D4A /* Test.app */;
			productType = "com.apple.product-type.application";
		};
		6B2367051FD93B4600083D4A /* TestTests */ = {
			isa = PBXNativeTarget;
			buildConfigurationList = 6B23671D1FD93B4600083D4A /* Build configuration list for PBXNativeTarget "TestTests" */;
			buildPhases = (
				6B2367021FD93B4600083D4A /* Sources */,
				6B2367031FD93B4600083D4A /* Frameworks */,
				6B2367041FD93B4600083D4A /* Resources */,
			);
			buildRules = (
			);
			dependencies = (
				6B2367081FD93B4600083D4A /* PBXTargetDependency */,
			);
			name = TestTests;
			productName = TestTests;
			productReference = 6B2367061FD93B4600083D4A /* TestTests.xctest */;
			productType = "com.apple.product-type.bundle.unit-test";
		};
		6B2367101FD93B4600083D4A /* TestUITests */ = {
			isa = PBXNativeTarget;
			buildConfigurationList = 6B2367201FD93B4600083D4A /* Build configuration list for PBXNativeTarget "TestUITests" */;
			buildPhases = (
				6B23670D1FD93B4600083D4A /* Sources */,
				6B23670E1FD93B4600083D4A /* Frameworks */,
				6B23670F1FD93B4600083D4A /* Resources */,
			);
			buildRules = (
			);
			dependencies = (
				6B2367131FD93B4600083D4A /* PBXTargetDependency */,
			);
			name = TestUITests;
			productName = TestUITests;
			productReference = 6B2367111FD93B4600083D4A /* TestUITests.xctest */;
			productType = "com.apple.product-type.bundle.ui-testing";
		};
/* End PBXNativeTarget section */

/* Begin PBXProject section */
		6B2366EA1FD93B4600083D4A /* Project object */ = {
			isa = PBXProject;
			attributes = {
				LastSwiftUpdateCheck = 0910;
				LastUpgradeCheck = 0910;
				ORGANIZATIONNAME = "Apple Academy";
				TargetAttributes = {
					6B2366F11FD93B4600083D4A = {
						CreatedOnToolsVersion = 9.1;
						ProvisioningStyle = Automatic;
					};
					6B2367051FD93B4600083D4A = {
						CreatedOnToolsVersion = 9.1;
						ProvisioningStyle = Automatic;
						TestTargetID = 6B2366F11FD93B4600083D4A;
					};
					6B2367101FD93B4600083D4A = {
						CreatedOnToolsVersion = 9.1;
						ProvisioningStyle = Automatic;
						TestTargetID = 6B2366F11FD93B4600083D4A;
					};
				};
			};
			buildConfigurationList = 6B2366ED1FD93B4600083D4A /* Build configuration list for PBXProject "Test" */;
			compatibilityVersion = "Xcode 8.0";
			developmentRegion = en;
			hasScannedForEncodings = 0;
			knownRegions = (
				en,
				Base,
			);
			mainGroup = 6B2366E91FD93B4600083D4A;
			productRefGroup = 6B2366F31FD93B4600083D4A /* Products */;
			projectDirPath = "";
			projectRoot = "";
			targets = (
				6B2366F11FD93B4600083D4A /* Test */,
				6B2367051FD93B4600083D4A /* TestTests */,
				6B2367101FD93B4600083D4A /* TestUITests */,
			);
		};
/* End PBXProject section */

/* Begin PBXResourcesBuildPhase section */
		6B2366F01FD93B4600083D4A /* Resources */ = {
			isa = PBXResourcesBuildPhase;
			buildActionMask = 2147483647;
			files = (
				6B2367001FD93B4600083D4A /* LaunchScreen.storyboard in Resources */,
				6B2366FD1FD93B4600083D4A /* Assets.xcassets in Resources */,
				6B2366FB1FD93B4600083D4A /* Main.storyboard in Resources */,
			);
			runOnlyForDeploymentPostprocessing = 0;
		};
		6B2367041FD93B4600083D4A /* Resources */ = {
			isa = PBXResourcesBuildPhase;
			buildActionMask = 2147483647;
			files = (
			);
			runOnlyForDeploymentPostprocessing = 0;
		};
		6B23670F1FD93B4600083D4A /* Resources */ = {
			isa = PBXResourcesBuildPhase;
			buildActionMask = 2147483647;
			files = (
			);
			runOnlyForDeploymentPostprocessing = 0;
		};
/* End PBXResourcesBuildPhase section */

/* Begin PBXSourcesBuildPhase section */
		6B2366EE1FD93B4600083D4A /* Sources */ = {
			isa = PBXSourcesBuildPhase;
			buildActionMask = 2147483647;
			files = (
				6B2366F81FD93B4600083D4A /* ViewController.swift in Sources */,
				6B2366F61FD93B4600083D4A /* AppDelegate.swift in Sources */,
			);
			runOnlyForDeploymentPostprocessing = 0;
		};
		6B2367021FD93B4600083D4A /* Sources */ = {
			isa = PBXSourcesBuildPhase;
			buildActionMask = 2147483647;
			files = (
				6B23670B1FD93B4600083D4A /* TestTests.swift in Sources */,
			);
			runOnlyForDeploymentPostprocessing = 0;
		};
		6B23670D1FD93B4600083D4A /* Sources */ = {
			isa = PBXSourcesBuildPhase;
			buildActionMask = 2147483647;
			files = (
				6B2367161FD93B4600083D4A /* TestUITests.swift in Sources */,
			);
			runOnlyForDeploymentPostprocessing = 0;
		};
/* End PBXSourcesBuildPhase section */

/* Begin PBXTargetDependency section */
		6B2367081FD93B4600083D4A /* PBXTargetDependency */ = {
			isa = PBXTargetDependency;
			target = 6B2366F11FD93B4600083D4A /* Test */;
			targetProxy = 6B2367071FD93B4600083D4A /* PBXContainerItemProxy */;
		};
		6B2367131FD93B4600083D4A /* PBXTargetDependency */ = {
			isa = PBXTargetDependency;
			target = 6B2366F11FD93B4600083D4A /* Test */;
			targetProxy = 6B2367121FD93B4600083D4A /* PBXContainerItemProxy */;
		};
/* End PBXTargetDependency section */

/* Begin PBXVariantGroup section */
		6B2366F91FD93B4600083D4A /* Main.storyboard */ = {
			isa = PBXVariantGroup;
			children = (
				6B2366FA1FD93B4600083D4A /* Base */,
			);
			name = Main.storyboard;
			sourceTree = "<group>";
		};
		6B2366FE1FD93B4600083D4A /* LaunchScreen.storyboard */ = {
			isa = PBXVariantGroup;
			children = (
				6B2366FF1FD93B4600083D4A /* Base */,
			);
			name = LaunchScreen.storyboard;
			sourceTree = "<group>";
		};
/* End PBXVariantGroup section */

/* Begin XCBuildConfiguration section */
		6B2367181FD93B4600083D4A /* Debug */ = {
			isa = XCBuildConfiguration;
			buildSettings = {
				ALWAYS_SEARCH_USER_PATHS = NO;
				CLANG_ANALYZER_NONNULL = YES;
				CLANG_ANALYZER_NUMBER_OBJECT_CONVERSION = YES_AGGRESSIVE;
				CLANG_CXX_LANGUAGE_STANDARD = "gnu++14";
				CLANG_CXX_LIBRARY = "libc++";
				CLANG_ENABLE_MODULES = YES;
				CLANG_ENABLE_OBJC_ARC = YES;
				CLANG_WARN_BLOCK_CAPTURE_AUTORELEASING = YES;
				CLANG_WARN_BOOL_CONVERSION = YES;
				CLANG_WARN_COMMA = YES;
				CLANG_WARN_CONSTANT_CONVERSION = YES;
				CLANG_WARN_DIRECT_OBJC_ISA_USAGE = YES_ERROR;
				CLANG_WARN_DOCUMENTATION_COMMENTS = YES;
				CLANG_WARN_EMPTY_BODY = YES;
				CLANG_WARN_ENUM_CONVERSION = YES;
				CLANG_WARN_INFINITE_RECURSION = YES;
				CLANG_WARN_INT_CONVERSION = YES;
				CLANG_WARN_NON_LITERAL_NULL_CONVERSION = YES;
				CLANG_WARN_OBJC_LITERAL_CONVERSION = YES;
				CLANG_WARN_OBJC_ROOT_CLASS = YES_ERROR;
				CLANG_WARN_RANGE_LOOP_ANALYSIS = YES;
				CLANG_WARN_STRICT_PROTOTYPES = YES;
				CLANG_WARN_SUSPICIOUS_MOVE = YES;
				CLANG_WARN_UNGUARDED_AVAILABILITY = YES_AGGRESSIVE;
				CLANG_WARN_UNREACHABLE_CODE = YES;
				CLANG_WARN__DUPLICATE_METHOD_MATCH = YES;
				CODE_SIGN_IDENTITY = "iPhone Developer";
				COPY_PHASE_STRIP = NO;
				DEBUG_INFORMATION_FORMAT = dwarf;
				ENABLE_STRICT_OBJC_MSGSEND = YES;
				ENABLE_TESTABILITY = YES;
				GCC_C_LANGUAGE_STANDARD = gnu11;
				GCC_DYNAMIC_NO_PIC = NO;
				GCC_NO_COMMON_BLOCKS = YES;
				GCC_OPTIMIZATION_LEVEL = 0;
				GCC_PREPROCESSOR_DEFINITIONS = (
					"DEBUG=1",
					"$(inherited)",
				);
				GCC_WARN_64_TO_32_BIT_CONVERSION = YES;
				GCC_WARN_ABOUT_RETURN_TYPE = YES_ERROR;
				GCC_WARN_UNDECLARED_SELECTOR = YES;
				GCC_WARN_UNINITIALIZED_AUTOS = YES_AGGRESSIVE;
				GCC_WARN_UNUSED_FUNCTION = YES;
				GCC_WARN_UNUSED_VARIABLE = YES;
				IPHONEOS_DEPLOYMENT_TARGET = 11.1;
				MTL_ENABLE_DEBUG_INFO = YES;
				ONLY_ACTIVE_ARCH = YES;
				SDKROOT = iphoneos;
				SWIFT_ACTIVE_COMPILATION_CONDITIONS = DEBUG;
				SWIFT_OPTIMIZATION_LEVEL = "-Onone";
			};
			name = Debug;
		};
		6B2367191FD93B4600083D4A /* Release */ = {
			isa = XCBuildConfiguration;
			buildSettings = {
				ALWAYS_SEARCH_USER_PATHS = NO;
				CLANG_ANALYZER_NONNULL = YES;
				CLANG_ANALYZER_NUMBER_OBJECT_CONVERSION = YES_AGGRESSIVE;
				CLANG_CXX_LANGUAGE_STANDARD = "gnu++14";
				CLANG_CXX_LIBRARY = "libc++";
				CLANG_ENABLE_MODULES = YES;
				CLANG_ENABLE_OBJC_ARC = YES;
				CLANG_WARN_BLOCK_CAPTURE_AUTORELEASING = YES;
				CLANG_WARN_BOOL_CONVERSION = YES;
				CLANG_WARN_COMMA = YES;
				CLANG_WARN_CONSTANT_CONVERSION = YES;
				CLANG_WARN_DIRECT_OBJC_ISA_USAGE = YES_ERROR;
				CLANG_WARN_DOCUMENTATION_COMMENTS = YES;
				CLANG_WARN_EMPTY_BODY = YES;
				CLANG_WARN_ENUM_CONVERSION = YES;
				CLANG_WARN_INFINITE_RECURSION = YES;
				CLANG_WARN_INT_CONVERSION = YES;
				CLANG_WARN_NON_LITERAL_NULL_CONVERSION = YES;
				CLANG_WARN_OBJC_LITERAL_CONVERSION = YES;
				CLANG_WARN_OBJC_ROOT_CLASS = YES_ERROR;
				CLANG_WARN_RANGE_LOOP_ANALYSIS = YES;
				CLANG_WARN_STRICT_PROTOTYPES = YES;
				CLANG_WARN_SUSPICIOUS_MOVE = YES;
				CLANG_WARN_UNGUARDED_AVAILABILITY = YES_AGGRESSIVE;
				CLANG_WARN_UNREACHABLE_CODE = YES;
				CLANG_WARN__DUPLICATE_METHOD_MATCH = YES;
				CODE_SIGN_IDENTITY = "iPhone Developer";
				COPY_PHASE_STRIP = NO;
				DEBUG_INFORMATION_FORMAT = "dwarf-with-dsym";
				ENABLE_NS_ASSERTIONS = NO;
				ENABLE_STRICT_OBJC_MSGSEND = YES;
				GCC_C_LANGUAGE_STANDARD = gnu11;
				GCC_NO_COMMON_BLOCKS = YES;
				GCC_WARN_64_TO_32_BIT_CONVERSION = YES;
				GCC_WARN_ABOUT_RETURN_TYPE = YES_ERROR;
				GCC_WARN_UNDECLARED_SELECTOR = YES;
				GCC_WARN_UNINITIALIZED_AUTOS = YES_AGGRESSIVE;
				GCC_WARN_UNUSED_FUNCTION = YES;
				GCC_WARN_UNUSED_VARIABLE = YES;
				IPHONEOS_DEPLOYMENT_TARGET = 11.1;
				MTL_ENABLE_DEBUG_INFO = NO;
				SDKROOT = iphoneos;
				SWIFT_OPTIMIZATION_LEVEL = "-Owholemodule";
				VALIDATE_PRODUCT = YES;
			};
			name = Release;
		};
		6B23671B1FD93B4600083D4A /* Debug */ = {
			isa = XCBuildConfiguration;
			buildSettings = {
				ASSETCATALOG_COMPILER_APPICON_NAME = AppIcon;
				CODE_SIGN_STYLE = Automatic;
				DEVELOPMENT_TEAM = 6L9L4MT67F;
				INFOPLIST_FILE = Test/Info.plist;
				LD_RUNPATH_SEARCH_PATHS = "$(inherited) @executable_path/Frameworks";
				PRODUCT_BUNDLE_IDENTIFIER = Academy.Test;
				PRODUCT_NAME = "$(TARGET_NAME)";
				SWIFT_VERSION = 4.0;
				TARGETED_DEVICE_FAMILY = "1,2";
			};
			name = Debug;
		};
		6B23671C1FD93B4600083D4A /* Release */ = {
			isa = XCBuildConfiguration;
			buildSettings = {
				ASSETCATALOG_COMPILER_APPICON_NAME = AppIcon;
				CODE_SIGN_STYLE = Automatic;
				DEVELOPMENT_TEAM = 6L9L4MT67F;
				INFOPLIST_FILE = Test/Info.plist;
				LD_RUNPATH_SEARCH_PATHS = "$(inherited) @executable_path/Frameworks";
				PRODUCT_BUNDLE_IDENTIFIER = Academy.Test;
				PRODUCT_NAME = "$(TARGET_NAME)";
				SWIFT_VERSION = 4.0;
				TARGETED_DEVICE_FAMILY = "1,2";
			};
			name = Release;
		};
		6B23671E1FD93B4600083D4A /* Debug */ = {
			isa = XCBuildConfiguration;
			buildSettings = {
				ALWAYS_EMBED_SWIFT_STANDARD_LIBRARIES = YES;
				BUNDLE_LOADER = "$(TEST_HOST)";
				CODE_SIGN_STYLE = Automatic;
				DEVELOPMENT_TEAM = 6L9L4MT67F;
				INFOPLIST_FILE = TestTests/Info.plist;
				LD_RUNPATH_SEARCH_PATHS = "$(inherited) @executable_path/Frameworks @loader_path/Frameworks";
				PRODUCT_BUNDLE_IDENTIFIER = Academy.TestTests;
				PRODUCT_NAME = "$(TARGET_NAME)";
				SWIFT_VERSION = 4.0;
				TARGETED_DEVICE_FAMILY = "1,2";
				TEST_HOST = "$(BUILT_PRODUCTS_DIR)/Test.app/Test";
			};
			name = Debug;
		};
		6B23671F1FD93B4600083D4A /* Release */ = {
			isa = XCBuildConfiguration;
			buildSettings = {
				ALWAYS_EMBED_SWIFT_STANDARD_LIBRARIES = YES;
				BUNDLE_LOADER = "$(TEST_HOST)";
				CODE_SIGN_STYLE = Automatic;
				DEVELOPMENT_TEAM = 6L9L4MT67F;
				INFOPLIST_FILE = TestTests/Info.plist;
				LD_RUNPATH_SEARCH_PATHS = "$(inherited) @executable_path/Frameworks @loader_path/Frameworks";
				PRODUCT_BUNDLE_IDENTIFIER = Academy.TestTests;
				PRODUCT_NAME = "$(TARGET_NAME)";
				SWIFT_VERSION = 4.0;
				TARGETED_DEVICE_FAMILY = "1,2";
				TEST_HOST = "$(BUILT_PRODUCTS_DIR)/Test.app/Test";
			};
			name = Release;
		};
		6B2367211FD93B4600083D4A /* Debug */ = {
			isa = XCBuildConfiguration;
			buildSettings = {
				ALWAYS_EMBED_SWIFT_STANDARD_LIBRARIES = YES;
				CODE_SIGN_STYLE = Automatic;
				DEVELOPMENT_TEAM = 6L9L4MT67F;
				INFOPLIST_FILE = TestUITests/Info.plist;
				LD_RUNPATH_SEARCH_PATHS = "$(inherited) @executable_path/Frameworks @loader_path/Frameworks";
				PRODUCT_BUNDLE_IDENTIFIER = Academy.TestUITests;
				PRODUCT_NAME = "$(TARGET_NAME)";
				SWIFT_VERSION = 4.0;
				TARGETED_DEVICE_FAMILY = "1,2";
				TEST_TARGET_NAME = Test;
			};
			name = Debug;
		};
		6B2367221FD93B4600083D4A /* Release */ = {
			isa = XCBuildConfiguration;
			buildSettings = {
				ALWAYS_EMBED_SWIFT_STANDARD_LIBRARIES = YES;
				CODE_SIGN_STYLE = Automatic;
				DEVELOPMENT_TEAM = 6L9L4MT67F;
				INFOPLIST_FILE = TestUITests/Info.plist;
				LD_RUNPATH_SEARCH_PATHS = "$(inherited) @executable_path/Frameworks @loader_path/Frameworks";
				PRODUCT_BUNDLE_IDENTIFIER = Academy.TestUITests;
				PRODUCT_NAME = "$(TARGET_NAME)";
				SWIFT_VERSION = 4.0;
				TARGETED_DEVICE_FAMILY = "1,2";
				TEST_TARGET_NAME = Test;
			};
			name = Release;
		};
/* End XCBuildConfiguration section */

/* Begin XCConfigurationList section */
		6B2366ED1FD93B4600083D4A /* Build configuration list for PBXProject "Test" */ = {
			isa = XCConfigurationList;
			buildConfigurations = (
				6B2367181FD93B4600083D4A /* Debug */,
				6B2367191FD93B4600083D4A /* Release */,
			);
			defaultConfigurationIsVisible = 0;
			defaultConfigurationName = Release;
		};
		6B23671A1FD93B4600083D4A /* Build configuration list for PBXNativeTarget "Test" */ = {
			isa = XCConfigurationList;
			buildConfigurations = (
				6B23671B1FD93B4600083D4A /* Debug */,
				6B23671C1FD93B4600083D4A /* Release */,
			);
			defaultConfigurationIsVisible = 0;
			defaultConfigurationName = Release;
		};
		6B23671D1FD93B4600083D4A /* Build configuration list for PBXNativeTarget "TestTests" */ = {
			isa = XCConfigurationList;
			buildConfigurations = (
				6B23671E1FD93B4600083D4A /* Debug */,
				6B23671F1FD93B4600083D4A /* Release */,
			);
			defaultConfigurationIsVisible = 0;
			defaultConfigurationName = Release;
		};
		6B2367201FD93B4600083D4A /* Build configuration list for PBXNativeTarget "TestUITests" */ = {
			isa = XCConfigurationList;
			buildConfigurations = (
				6B2367211FD93B4600083D4A /* Debug */,
				6B2367221FD93B4600083D4A /* Release */,
			);
			defaultConfigurationIsVisible = 0;
			defaultConfigurationName = Release;
		};
/* End XCConfigurationList section */
	};
	rootObject = 6B2366EA1FD93B4600083D4A /* Project object */;
}
